// !$*UTF8*$!
{
	archiveVersion = 1;
	classes = {
	};
	objectVersion = 50;
	objects = {

/* Begin PBXBuildFile section */
		443EF60B23A40C6B006DB6A1 /* AppDelegate.swift in Sources */ = {isa = PBXBuildFile; fileRef = 443EF60A23A40C6B006DB6A1 /* AppDelegate.swift */; };
		443EF60D23A40C6B006DB6A1 /* SceneDelegate.swift in Sources */ = {isa = PBXBuildFile; fileRef = 443EF60C23A40C6B006DB6A1 /* SceneDelegate.swift */; };
		443EF60F23A40C6B006DB6A1 /* ViewController.swift in Sources */ = {isa = PBXBuildFile; fileRef = 443EF60E23A40C6B006DB6A1 /* ViewController.swift */; };
		443EF61223A40C6B006DB6A1 /* Main.storyboard in Resources */ = {isa = PBXBuildFile; fileRef = 443EF61023A40C6B006DB6A1 /* Main.storyboard */; };
		443EF61423A40C6C006DB6A1 /* Assets.xcassets in Resources */ = {isa = PBXBuildFile; fileRef = 443EF61323A40C6C006DB6A1 /* Assets.xcassets */; };
		443EF61723A40C6C006DB6A1 /* LaunchScreen.storyboard in Resources */ = {isa = PBXBuildFile; fileRef = 443EF61523A40C6C006DB6A1 /* LaunchScreen.storyboard */; };
		443EF62D23A40C7F006DB6A1 /* CommandShip.swift in Sources */ = {isa = PBXBuildFile; fileRef = 443EF62123A40C7F006DB6A1 /* CommandShip.swift */; };
		443EF62E23A40C7F006DB6A1 /* BigShip.swift in Sources */ = {isa = PBXBuildFile; fileRef = 443EF62223A40C7F006DB6A1 /* BigShip.swift */; };
		443EF62F23A40C7F006DB6A1 /* SmallShip.swift in Sources */ = {isa = PBXBuildFile; fileRef = 443EF62323A40C7F006DB6A1 /* SmallShip.swift */; };
		443EF63023A40C7F006DB6A1 /* SmallCargo.swift in Sources */ = {isa = PBXBuildFile; fileRef = 443EF62523A40C7F006DB6A1 /* SmallCargo.swift */; };
		443EF63123A40C7F006DB6A1 /* BigCargo.swift in Sources */ = {isa = PBXBuildFile; fileRef = 443EF62623A40C7F006DB6A1 /* BigCargo.swift */; };
		443EF63423A40C7F006DB6A1 /* Ship.swift in Sources */ = {isa = PBXBuildFile; fileRef = 443EF62B23A40C7F006DB6A1 /* Ship.swift */; };
		443EF63523A40C7F006DB6A1 /* Main.swift in Sources */ = {isa = PBXBuildFile; fileRef = 443EF62C23A40C7F006DB6A1 /* Main.swift */; };
/* End PBXBuildFile section */

/* Begin PBXFileReference section */
		443EF60723A40C6B006DB6A1 /* NGZadatak.app */ = {isa = PBXFileReference; explicitFileType = wrapper.application; includeInIndex = 0; path = NGZadatak.app; sourceTree = BUILT_PRODUCTS_DIR; };
		443EF60A23A40C6B006DB6A1 /* AppDelegate.swift */ = {isa = PBXFileReference; lastKnownFileType = sourcecode.swift; path = AppDelegate.swift; sourceTree = "<group>"; };
		443EF60C23A40C6B006DB6A1 /* SceneDelegate.swift */ = {isa = PBXFileReference; lastKnownFileType = sourcecode.swift; path = SceneDelegate.swift; sourceTree = "<group>"; };
		443EF60E23A40C6B006DB6A1 /* ViewController.swift */ = {isa = PBXFileReference; lastKnownFileType = sourcecode.swift; path = ViewController.swift; sourceTree = "<group>"; };
		443EF61123A40C6B006DB6A1 /* Base */ = {isa = PBXFileReference; lastKnownFileType = file.storyboard; name = Base; path = Base.lproj/Main.storyboard; sourceTree = "<group>"; };
		443EF61323A40C6C006DB6A1 /* Assets.xcassets */ = {isa = PBXFileReference; lastKnownFileType = folder.assetcatalog; path = Assets.xcassets; sourceTree = "<group>"; };
		443EF61623A40C6C006DB6A1 /* Base */ = {isa = PBXFileReference; lastKnownFileType = file.storyboard; name = Base; path = Base.lproj/LaunchScreen.storyboard; sourceTree = "<group>"; };
		443EF61823A40C6C006DB6A1 /* Info.plist */ = {isa = PBXFileReference; lastKnownFileType = text.plist.xml; path = Info.plist; sourceTree = "<group>"; };
		443EF62123A40C7F006DB6A1 /* CommandShip.swift */ = {isa = PBXFileReference; fileEncoding = 4; lastKnownFileType = sourcecode.swift; path = CommandShip.swift; sourceTree = "<group>"; };
		443EF62223A40C7F006DB6A1 /* BigShip.swift */ = {isa = PBXFileReference; fileEncoding = 4; lastKnownFileType = sourcecode.swift; path = BigShip.swift; sourceTree = "<group>"; };
		443EF62323A40C7F006DB6A1 /* SmallShip.swift */ = {isa = PBXFileReference; fileEncoding = 4; lastKnownFileType = sourcecode.swift; path = SmallShip.swift; sourceTree = "<group>"; };
		443EF62523A40C7F006DB6A1 /* SmallCargo.swift */ = {isa = PBXFileReference; fileEncoding = 4; lastKnownFileType = sourcecode.swift; path = SmallCargo.swift; sourceTree = "<group>"; };
		443EF62623A40C7F006DB6A1 /* BigCargo.swift */ = {isa = PBXFileReference; fileEncoding = 4; lastKnownFileType = sourcecode.swift; path = BigCargo.swift; sourceTree = "<group>"; };
		443EF62B23A40C7F006DB6A1 /* Ship.swift */ = {isa = PBXFileReference; fileEncoding = 4; lastKnownFileType = sourcecode.swift; path = Ship.swift; sourceTree = "<group>"; };
		443EF62C23A40C7F006DB6A1 /* Main.swift */ = {isa = PBXFileReference; fileEncoding = 4; lastKnownFileType = sourcecode.swift; path = Main.swift; sourceTree = "<group>"; };
/* End PBXFileReference section */

/* Begin PBXFrameworksBuildPhase section */
		443EF60423A40C6A006DB6A1 /* Frameworks */ = {
			isa = PBXFrameworksBuildPhase;
			buildActionMask = 2147483647;
			files = (
			);
			runOnlyForDeploymentPostprocessing = 0;
		};
/* End PBXFrameworksBuildPhase section */

/* Begin PBXGroup section */
		443EF5FE23A40C6A006DB6A1 = {
			isa = PBXGroup;
			children = (
				443EF60923A40C6B006DB6A1 /* NGZadatak */,
				443EF60823A40C6B006DB6A1 /* Products */,
			);
			sourceTree = "<group>";
		};
		443EF60823A40C6B006DB6A1 /* Products */ = {
			isa = PBXGroup;
			children = (
				443EF60723A40C6B006DB6A1 /* NGZadatak.app */,
			);
			name = Products;
			sourceTree = "<group>";
		};
		443EF60923A40C6B006DB6A1 /* NGZadatak */ = {
			isa = PBXGroup;
			children = (
				443EF61E23A40C7F006DB6A1 /* Klase */,
				443EF60A23A40C6B006DB6A1 /* AppDelegate.swift */,
				443EF60C23A40C6B006DB6A1 /* SceneDelegate.swift */,
				443EF60E23A40C6B006DB6A1 /* ViewController.swift */,
				443EF61023A40C6B006DB6A1 /* Main.storyboard */,
				443EF61323A40C6C006DB6A1 /* Assets.xcassets */,
				443EF61523A40C6C006DB6A1 /* LaunchScreen.storyboard */,
				443EF61823A40C6C006DB6A1 /* Info.plist */,
			);
			path = NGZadatak;
			sourceTree = "<group>";
		};
		443EF61E23A40C7F006DB6A1 /* Klase */ = {
			isa = PBXGroup;
			children = (
				443EF61F23A40C7F006DB6A1 /* ships */,
				443EF62A23A40C7F006DB6A1 /* mainShipClass */,
				443EF62C23A40C7F006DB6A1 /* Main.swift */,
			);
			path = Klase;
			sourceTree = "<group>";
		};
		443EF61F23A40C7F006DB6A1 /* ships */ = {
			isa = PBXGroup;
			children = (
				443EF62023A40C7F006DB6A1 /* battleShips */,
				443EF62423A40C7F006DB6A1 /* cargoShips */,
			);
			path = ships;
			sourceTree = "<group>";
		};
		443EF62023A40C7F006DB6A1 /* battleShips */ = {
			isa = PBXGroup;
			children = (
				443EF62123A40C7F006DB6A1 /* CommandShip.swift */,
				443EF62223A40C7F006DB6A1 /* BigShip.swift */,
				443EF62323A40C7F006DB6A1 /* SmallShip.swift */,
			);
			path = battleShips;
			sourceTree = "<group>";
		};
		443EF62423A40C7F006DB6A1 /* cargoShips */ = {
			isa = PBXGroup;
			children = (
				443EF62523A40C7F006DB6A1 /* SmallCargo.swift */,
				443EF62623A40C7F006DB6A1 /* BigCargo.swift */,
			);
			path = cargoShips;
			sourceTree = "<group>";
		};
		443EF62A23A40C7F006DB6A1 /* mainShipClass */ = {
			isa = PBXGroup;
			children = (
				443EF62B23A40C7F006DB6A1 /* Ship.swift */,
			);
			path = mainShipClass;
			sourceTree = "<group>";
		};
/* End PBXGroup section */

/* Begin PBXNativeTarget section */
		443EF60623A40C6A006DB6A1 /* NGZadatak */ = {
			isa = PBXNativeTarget;
			buildConfigurationList = 443EF61B23A40C6C006DB6A1 /* Build configuration list for PBXNativeTarget "NGZadatak" */;
			buildPhases = (
				443EF60323A40C6A006DB6A1 /* Sources */,
				443EF60423A40C6A006DB6A1 /* Frameworks */,
				443EF60523A40C6A006DB6A1 /* Resources */,
			);
			buildRules = (
			);
			dependencies = (
			);
			name = NGZadatak;
			productName = NGZadatak;
			productReference = 443EF60723A40C6B006DB6A1 /* NGZadatak.app */;
			productType = "com.apple.product-type.application";
		};
/* End PBXNativeTarget section */

/* Begin PBXProject section */
		443EF5FF23A40C6A006DB6A1 /* Project object */ = {
			isa = PBXProject;
			attributes = {
				LastSwiftUpdateCheck = 1120;
				LastUpgradeCheck = 1120;
				ORGANIZATIONNAME = Markan;
				TargetAttributes = {
					443EF60623A40C6A006DB6A1 = {
						CreatedOnToolsVersion = 11.2;
					};
				};
			};
			buildConfigurationList = 443EF60223A40C6A006DB6A1 /* Build configuration list for PBXProject "NGZadatak" */;
			compatibilityVersion = "Xcode 9.3";
			developmentRegion = en;
			hasScannedForEncodings = 0;
			knownRegions = (
				en,
				Base,
			);
			mainGroup = 443EF5FE23A40C6A006DB6A1;
			productRefGroup = 443EF60823A40C6B006DB6A1 /* Products */;
			projectDirPath = "";
			projectRoot = "";
			targets = (
				443EF60623A40C6A006DB6A1 /* NGZadatak */,
			);
		};
/* End PBXProject section */

/* Begin PBXResourcesBuildPhase section */
		443EF60523A40C6A006DB6A1 /* Resources */ = {
			isa = PBXResourcesBuildPhase;
			buildActionMask = 2147483647;
			files = (
				443EF61723A40C6C006DB6A1 /* LaunchScreen.storyboard in Resources */,
				443EF61423A40C6C006DB6A1 /* Assets.xcassets in Resources */,
				443EF61223A40C6B006DB6A1 /* Main.storyboard in Resources */,
			);
			runOnlyForDeploymentPostprocessing = 0;
		};
/* End PBXResourcesBuildPhase section */

/* Begin PBXSourcesBuildPhase section */
		443EF60323A40C6A006DB6A1 /* Sources */ = {
			isa = PBXSourcesBuildPhase;
			buildActionMask = 2147483647;
			files = (
				443EF60F23A40C6B006DB6A1 /* ViewController.swift in Sources */,
				443EF62E23A40C7F006DB6A1 /* BigShip.swift in Sources */,
				443EF60B23A40C6B006DB6A1 /* AppDelegate.swift in Sources */,
				443EF60D23A40C6B006DB6A1 /* SceneDelegate.swift in Sources */,
				443EF62D23A40C7F006DB6A1 /* CommandShip.swift in Sources */,
				443EF62F23A40C7F006DB6A1 /* SmallShip.swift in Sources */,
				443EF63523A40C7F006DB6A1 /* Main.swift in Sources */,
				443EF63423A40C7F006DB6A1 /* Ship.swift in Sources */,
				443EF63023A40C7F006DB6A1 /* SmallCargo.swift in Sources */,
				443EF63123A40C7F006DB6A1 /* BigCargo.swift in Sources */,
			);
			runOnlyForDeploymentPostprocessing = 0;
		};
/* End PBXSourcesBuildPhase section */

/* Begin PBXVariantGroup section */
		443EF61023A40C6B006DB6A1 /* Main.storyboard */ = {
			isa = PBXVariantGroup;
			children = (
				443EF61123A40C6B006DB6A1 /* Base */,
			);
			name = Main.storyboard;
			sourceTree = "<group>";
		};
		443EF61523A40C6C006DB6A1 /* LaunchScreen.storyboard */ = {
			isa = PBXVariantGroup;
			children = (
				443EF61623A40C6C006DB6A1 /* Base */,
			);
			name = LaunchScreen.storyboard;
			sourceTree = "<group>";
		};
/* End PBXVariantGroup section */

/* Begin XCBuildConfiguration section */
		443EF61923A40C6C006DB6A1 /* Debug */ = {
			isa = XCBuildConfiguration;
			buildSettings = {
				ALWAYS_SEARCH_USER_PATHS = NO;
				CLANG_ANALYZER_NONNULL = YES;
				CLANG_ANALYZER_NUMBER_OBJECT_CONVERSION = YES_AGGRESSIVE;
				CLANG_CXX_LANGUAGE_STANDARD = "gnu++14";
				CLANG_CXX_LIBRARY = "libc++";
				CLANG_ENABLE_MODULES = YES;
				CLANG_ENABLE_OBJC_ARC = YES;
				CLANG_ENABLE_OBJC_WEAK = YES;
				CLANG_WARN_BLOCK_CAPTURE_AUTORELEASING = YES;
				CLANG_WARN_BOOL_CONVERSION = YES;
				CLANG_WARN_COMMA = YES;
				CLANG_WARN_CONSTANT_CONVERSION = YES;
				CLANG_WARN_DEPRECATED_OBJC_IMPLEMENTATIONS = YES;
				CLANG_WARN_DIRECT_OBJC_ISA_USAGE = YES_ERROR;
				CLANG_WARN_DOCUMENTATION_COMMENTS = YES;
				CLANG_WARN_EMPTY_BODY = YES;
				CLANG_WARN_ENUM_CONVERSION = YES;
				CLANG_WARN_INFINITE_RECURSION = YES;
				CLANG_WARN_INT_CONVERSION = YES;
				CLANG_WARN_NON_LITERAL_NULL_CONVERSION = YES;
				CLANG_WARN_OBJC_IMPLICIT_RETAIN_SELF = YES;
				CLANG_WARN_OBJC_LITERAL_CONVERSION = YES;
				CLANG_WARN_OBJC_ROOT_CLASS = YES_ERROR;
				CLANG_WARN_RANGE_LOOP_ANALYSIS = YES;
				CLANG_WARN_STRICT_PROTOTYPES = YES;
				CLANG_WARN_SUSPICIOUS_MOVE = YES;
				CLANG_WARN_UNGUARDED_AVAILABILITY = YES_AGGRESSIVE;
				CLANG_WARN_UNREACHABLE_CODE = YES;
				CLANG_WARN__DUPLICATE_METHOD_MATCH = YES;
				COPY_PHASE_STRIP = NO;
				DEBUG_INFORMATION_FORMAT = dwarf;
				ENABLE_STRICT_OBJC_MSGSEND = YES;
				ENABLE_TESTABILITY = YES;
				GCC_C_LANGUAGE_STANDARD = gnu11;
				GCC_DYNAMIC_NO_PIC = NO;
				GCC_NO_COMMON_BLOCKS = YES;
				GCC_OPTIMIZATION_LEVEL = 0;
				GCC_PREPROCESSOR_DEFINITIONS = (
					"DEBUG=1",
					"$(inherited)",
				);
				GCC_WARN_64_TO_32_BIT_CONVERSION = YES;
				GCC_WARN_ABOUT_RETURN_TYPE = YES_ERROR;
				GCC_WARN_UNDECLARED_SELECTOR = YES;
				GCC_WARN_UNINITIALIZED_AUTOS = YES_AGGRESSIVE;
				GCC_WARN_UNUSED_FUNCTION = YES;
				GCC_WARN_UNUSED_VARIABLE = YES;
				IPHONEOS_DEPLOYMENT_TARGET = 13.2;
				MTL_ENABLE_DEBUG_INFO = INCLUDE_SOURCE;
				MTL_FAST_MATH = YES;
				ONLY_ACTIVE_ARCH = YES;
				SDKROOT = iphoneos;
				SWIFT_ACTIVE_COMPILATION_CONDITIONS = DEBUG;
				SWIFT_OPTIMIZATION_LEVEL = "-Onone";
			};
			name = Debug;
		};
		443EF61A23A40C6C006DB6A1 /* Release */ = {
			isa = XCBuildConfiguration;
			buildSettings = {
				ALWAYS_SEARCH_USER_PATHS = NO;
				CLANG_ANALYZER_NONNULL = YES;
				CLANG_ANALYZER_NUMBER_OBJECT_CONVERSION = YES_AGGRESSIVE;
				CLANG_CXX_LANGUAGE_STANDARD = "gnu++14";
				CLANG_CXX_LIBRARY = "libc++";
				CLANG_ENABLE_MODULES = YES;
				CLANG_ENABLE_OBJC_ARC = YES;
				CLANG_ENABLE_OBJC_WEAK = YES;
				CLANG_WARN_BLOCK_CAPTURE_AUTORELEASING = YES;
				CLANG_WARN_BOOL_CONVERSION = YES;
				CLANG_WARN_COMMA = YES;
				CLANG_WARN_CONSTANT_CONVERSION = YES;
				CLANG_WARN_DEPRECATED_OBJC_IMPLEMENTATIONS = YES;
				CLANG_WARN_DIRECT_OBJC_ISA_USAGE = YES_ERROR;
				CLANG_WARN_DOCUMENTATION_COMMENTS = YES;
				CLANG_WARN_EMPTY_BODY = YES;
				CLANG_WARN_ENUM_CONVERSION = YES;
				CLANG_WARN_INFINITE_RECURSION = YES;
				CLANG_WARN_INT_CONVERSION = YES;
				CLANG_WARN_NON_LITERAL_NULL_CONVERSION = YES;
				CLANG_WARN_OBJC_IMPLICIT_RETAIN_SELF = YES;
				CLANG_WARN_OBJC_LITERAL_CONVERSION = YES;
				CLANG_WARN_OBJC_ROOT_CLASS = YES_ERROR;
				CLANG_WARN_RANGE_LOOP_ANALYSIS = YES;
				CLANG_WARN_STRICT_PROTOTYPES = YES;
				CLANG_WARN_SUSPICIOUS_MOVE = YES;
				CLANG_WARN_UNGUARDED_AVAILABILITY = YES_AGGRESSIVE;
				CLANG_WARN_UNREACHABLE_CODE = YES;
				CLANG_WARN__DUPLICATE_METHOD_MATCH = YES;
				COPY_PHASE_STRIP = NO;
				DEBUG_INFORMATION_FORMAT = "dwarf-with-dsym";
				ENABLE_NS_ASSERTIONS = NO;
				ENABLE_STRICT_OBJC_MSGSEND = YES;
				GCC_C_LANGUAGE_STANDARD = gnu11;
				GCC_NO_COMMON_BLOCKS = YES;
				GCC_WARN_64_TO_32_BIT_CONVERSION = YES;
				GCC_WARN_ABOUT_RETURN_TYPE = YES_ERROR;
				GCC_WARN_UNDECLARED_SELECTOR = YES;
				GCC_WARN_UNINITIALIZED_AUTOS = YES_AGGRESSIVE;
				GCC_WARN_UNUSED_FUNCTION = YES;
				GCC_WARN_UNUSED_VARIABLE = YES;
				IPHONEOS_DEPLOYMENT_TARGET = 13.2;
				MTL_ENABLE_DEBUG_INFO = NO;
				MTL_FAST_MATH = YES;
				SDKROOT = iphoneos;
				SWIFT_COMPILATION_MODE = wholemodule;
				SWIFT_OPTIMIZATION_LEVEL = "-O";
				VALIDATE_PRODUCT = YES;
			};
			name = Release;
		};
		443EF61C23A40C6C006DB6A1 /* Debug */ = {
			isa = XCBuildConfiguration;
			buildSettings = {
				ASSETCATALOG_COMPILER_APPICON_NAME = AppIcon;
				CODE_SIGN_STYLE = Automatic;
				DEVELOPMENT_TEAM = FP5RTZ64F5;
				INFOPLIST_FILE = NGZadatak/Info.plist;
				LD_RUNPATH_SEARCH_PATHS = (
					"$(inherited)",
					"@executable_path/Frameworks",
				);
				PRODUCT_BUNDLE_IDENTIFIER = com.markan.rs.NGZadatak;
				PRODUCT_NAME = "$(TARGET_NAME)";
				SWIFT_VERSION = 5.0;
				TARGETED_DEVICE_FAMILY = "1,2";
			};
			name = Debug;
		};
		443EF61D23A40C6C006DB6A1 /* Release */ = {
			isa = XCBuildConfiguration;
			buildSettings = {
				ASSETCATALOG_COMPILER_APPICON_NAME = AppIcon;
				CODE_SIGN_STYLE = Automatic;
				DEVELOPMENT_TEAM = FP5RTZ64F5;
				INFOPLIST_FILE = NGZadatak/Info.plist;
				LD_RUNPATH_SEARCH_PATHS = (
					"$(inherited)",
					"@executable_path/Frameworks",
				);
				PRODUCT_BUNDLE_IDENTIFIER = com.markan.rs.NGZadatak;
				PRODUCT_NAME = "$(TARGET_NAME)";
				SWIFT_VERSION = 5.0;
				TARGETED_DEVICE_FAMILY = "1,2";
			};
			name = Release;
		};
/* End XCBuildConfiguration section */

/* Begin XCConfigurationList section */
		443EF60223A40C6A006DB6A1 /* Build configuration list for PBXProject "NGZadatak" */ = {
			isa = XCConfigurationList;
			buildConfigurations = (
				443EF61923A40C6C006DB6A1 /* Debug */,
				443EF61A23A40C6C006DB6A1 /* Release */,
			);
			defaultConfigurationIsVisible = 0;
			defaultConfigurationName = Release;
		};
		443EF61B23A40C6C006DB6A1 /* Build configuration list for PBXNativeTarget "NGZadatak" */ = {
			isa = XCConfigurationList;
			buildConfigurations = (
				443EF61C23A40C6C006DB6A1 /* Debug */,
				443EF61D23A40C6C006DB6A1 /* Release */,
			);
			defaultConfigurationIsVisible = 0;
			defaultConfigurationName = Release;
		};
/* End XCConfigurationList section */
	};
	rootObject = 443EF5FF23A40C6A006DB6A1 /* Project object */;
}
